
Microsoft Visual Studio Solution File, Format Version 12.00
# Visual Studio 2013
VisualStudioVersion = 12.0.21005.1
MinimumVisualStudioVersion = 10.0.40219.1
Project("{FAE04EC0-301F-11D3-BF4B-00C04F79EFBC}") = "Brains", "Brains.csproj", "{B601080D-852F-46D6-A592-9AB6EE9CC589}"
EndProject
Global
	GlobalSection(SolutionConfigurationPlatforms) = preSolution
		Debug|Any CPU = Debug|Any CPU
		Release|Any CPU = Release|Any CPU
	EndGlobalSection
	GlobalSection(ProjectConfigurationPlatforms) = postSolution
		{B601080D-852F-46D6-A592-9AB6EE9CC589}.Debug|Any CPU.ActiveCfg = Debug|Any CPU
		{B601080D-852F-46D6-A592-9AB6EE9CC589}.Debug|Any CPU.Build.0 = Debug|Any CPU
		{B601080D-852F-46D6-A592-9AB6EE9CC589}.Release|Any CPU.ActiveCfg = Release|Any CPU
		{B601080D-852F-46D6-A592-9AB6EE9CC589}.Release|Any CPU.Build.0 = Release|Any CPU
	EndGlobalSection
	GlobalSection(SolutionProperties) = preSolution
		HideSolutionNode = FALSE
	EndGlobalSection
EndGlobal
